
Microsoft Visual Studio Solution File, Format Version 12.00
# Visual Studio Version 16
VisualStudioVersion = 16.0.29326.143
MinimumVisualStudioVersion = 10.0.40219.1
Project("{FAE04EC0-301F-11D3-BF4B-00C04F79EFBC}") = "Final_project", "Final_project.csproj", "{D9DC9AE6-1E92-47D1-B010-C1C16046211B}"
EndProject
Global
	GlobalSection(SolutionConfigurationPlatforms) = preSolution
		Debug|Any CPU = Debug|Any CPU
		Release|Any CPU = Release|Any CPU
	EndGlobalSection
	GlobalSection(ProjectConfigurationPlatforms) = postSolution
		{D9DC9AE6-1E92-47D1-B010-C1C16046211B}.Debug|Any CPU.ActiveCfg = Debug|Any CPU
		{D9DC9AE6-1E92-47D1-B010-C1C16046211B}.Debug|Any CPU.Build.0 = Debug|Any CPU
		{D9DC9AE6-1E92-47D1-B010-C1C16046211B}.Release|Any CPU.ActiveCfg = Release|Any CPU
		{D9DC9AE6-1E92-47D1-B010-C1C16046211B}.Release|Any CPU.Build.0 = Release|Any CPU
	EndGlobalSection
	GlobalSection(SolutionProperties) = preSolution
		HideSolutionNode = FALSE
	EndGlobalSection
	GlobalSection(ExtensibilityGlobals) = postSolution
		SolutionGuid = {D546F77B-C6E4-47D5-853A-EA25F173C91C}
	EndGlobalSection
EndGlobal
